// !$*UTF8*$!
{
	archiveVersion = 1;
	classes = {
	};
	objectVersion = 46;
	objects = {

/* Begin PBXBuildFile section */
		9A20D58E198E0C47005D0F7D /* ShapedViewPathTestCase.m in Sources */ = {isa = PBXBuildFile; fileRef = 9A20D58D198E0C47005D0F7D /* ShapedViewPathTestCase.m */; };
		9A5DF42719854B200034FF62 /* ShapeKitExample.storyboard in Resources */ = {isa = PBXBuildFile; fileRef = 9A5DF42619854B200034FF62 /* ShapeKitExample.storyboard */; };
		9A5DF42A198562C80034FF62 /* ProgressViewController.m in Sources */ = {isa = PBXBuildFile; fileRef = 9A5DF429198562C80034FF62 /* ProgressViewController.m */; };
		9A79790D19974D1700E43B41 /* DimmingViewController.m in Sources */ = {isa = PBXBuildFile; fileRef = 9A79790C19974D1700E43B41 /* DimmingViewController.m */; };
		9A9BA46419A3992F0068E1EF /* CAShapeLayer+UIBezierPath.m in Sources */ = {isa = PBXBuildFile; fileRef = 9A9BA46319A3992F0068E1EF /* CAShapeLayer+UIBezierPath.m */; };
		9AA0172A19851133001A0666 /* Foundation.framework in Frameworks */ = {isa = PBXBuildFile; fileRef = 9AA0172919851133001A0666 /* Foundation.framework */; };
		9AA0172C19851133001A0666 /* CoreGraphics.framework in Frameworks */ = {isa = PBXBuildFile; fileRef = 9AA0172B19851133001A0666 /* CoreGraphics.framework */; };
		9AA0172E19851133001A0666 /* UIKit.framework in Frameworks */ = {isa = PBXBuildFile; fileRef = 9AA0172D19851133001A0666 /* UIKit.framework */; };
		9AA0173419851133001A0666 /* InfoPlist.strings in Resources */ = {isa = PBXBuildFile; fileRef = 9AA0173219851133001A0666 /* InfoPlist.strings */; };
		9AA0173619851133001A0666 /* main.m in Sources */ = {isa = PBXBuildFile; fileRef = 9AA0173519851133001A0666 /* main.m */; };
		9AA0173A19851133001A0666 /* AppDelegate.m in Sources */ = {isa = PBXBuildFile; fileRef = 9AA0173919851133001A0666 /* AppDelegate.m */; };
		9AA0173C19851133001A0666 /* Images.xcassets in Resources */ = {isa = PBXBuildFile; fileRef = 9AA0173B19851133001A0666 /* Images.xcassets */; };
		9AA0174319851133001A0666 /* XCTest.framework in Frameworks */ = {isa = PBXBuildFile; fileRef = 9AA0174219851133001A0666 /* XCTest.framework */; };
		9AA0174419851133001A0666 /* Foundation.framework in Frameworks */ = {isa = PBXBuildFile; fileRef = 9AA0172919851133001A0666 /* Foundation.framework */; };
		9AA0174519851133001A0666 /* UIKit.framework in Frameworks */ = {isa = PBXBuildFile; fileRef = 9AA0172D19851133001A0666 /* UIKit.framework */; };
		9AA0174D19851133001A0666 /* InfoPlist.strings in Resources */ = {isa = PBXBuildFile; fileRef = 9AA0174B19851133001A0666 /* InfoPlist.strings */; };
		9AA0175F198511BD001A0666 /* DimmedView.m in Sources */ = {isa = PBXBuildFile; fileRef = 9AA0175A198511BD001A0666 /* DimmedView.m */; };
		9AA01760198511BD001A0666 /* ProgressView.m in Sources */ = {isa = PBXBuildFile; fileRef = 9AA0175C198511BD001A0666 /* ProgressView.m */; };
		9AA01761198511BD001A0666 /* ShapeView.m in Sources */ = {isa = PBXBuildFile; fileRef = 9AA0175E198511BD001A0666 /* ShapeView.m */; };
		9AA0296219B1E91D0097AAE2 /* ShapedButton.m in Sources */ = {isa = PBXBuildFile; fileRef = 9AA0296119B1E91D0097AAE2 /* ShapedButton.m */; };
		9AA0296519B1F9FC0097AAE2 /* DimmableShapedButton.m in Sources */ = {isa = PBXBuildFile; fileRef = 9AA0296419B1F9FC0097AAE2 /* DimmableShapedButton.m */; };
		9AA0296819B200B40097AAE2 /* VoiceMemosRecordButtonViewController.m in Sources */ = {isa = PBXBuildFile; fileRef = 9AA0296719B200B40097AAE2 /* VoiceMemosRecordButtonViewController.m */; };
		9AC46282199CD547006C54E0 /* ImplicitAnimationsViewController.m in Sources */ = {isa = PBXBuildFile; fileRef = 9AC46281199CD547006C54E0 /* ImplicitAnimationsViewController.m */; };
		9AD1E75919ABA84800576928 /* DownloadButtonViewController.m in Sources */ = {isa = PBXBuildFile; fileRef = 9AD1E75819ABA84800576928 /* DownloadButtonViewController.m */; };
		9AD1E76119ABAD8000576928 /* HighlightableShapedButton.m in Sources */ = {isa = PBXBuildFile; fileRef = 9AD1E76019ABAD8000576928 /* HighlightableShapedButton.m */; };
/* End PBXBuildFile section */

/* Begin PBXContainerItemProxy section */
		9AA0174619851133001A0666 /* PBXContainerItemProxy */ = {
			isa = PBXContainerItemProxy;
			containerPortal = 9AA0171E19851133001A0666 /* Project object */;
			proxyType = 1;
			remoteGlobalIDString = 9AA0172519851133001A0666;
			remoteInfo = ShapeKitExample;
		};
/* End PBXContainerItemProxy section */

/* Begin PBXFileReference section */
		9A20D58D198E0C47005D0F7D /* ShapedViewPathTestCase.m */ = {isa = PBXFileReference; fileEncoding = 4; lastKnownFileType = sourcecode.c.objc; name = ShapedViewPathTestCase.m; path = Specs/ShapedView/ShapedViewPathTestCase.m; sourceTree = "<group>"; };
		9A5DF42619854B200034FF62 /* ShapeKitExample.storyboard */ = {isa = PBXFileReference; fileEncoding = 4; lastKnownFileType = file.storyboard; path = ShapeKitExample.storyboard; sourceTree = "<group>"; };
		9A5DF428198562C80034FF62 /* ProgressViewController.h */ = {isa = PBXFileReference; fileEncoding = 4; lastKnownFileType = sourcecode.c.h; name = ProgressViewController.h; path = Controllers/ProgressViewController.h; sourceTree = "<group>"; };
		9A5DF429198562C80034FF62 /* ProgressViewController.m */ = {isa = PBXFileReference; fileEncoding = 4; lastKnownFileType = sourcecode.c.objc; name = ProgressViewController.m; path = Controllers/ProgressViewController.m; sourceTree = "<group>"; };
		9A79790B19974D1700E43B41 /* DimmingViewController.h */ = {isa = PBXFileReference; fileEncoding = 4; lastKnownFileType = sourcecode.c.h; name = DimmingViewController.h; path = Controllers/DimmingViewController.h; sourceTree = "<group>"; };
		9A79790C19974D1700E43B41 /* DimmingViewController.m */ = {isa = PBXFileReference; fileEncoding = 4; lastKnownFileType = sourcecode.c.objc; name = DimmingViewController.m; path = Controllers/DimmingViewController.m; sourceTree = "<group>"; };
		9A9BA46219A3992F0068E1EF /* CAShapeLayer+UIBezierPath.h */ = {isa = PBXFileReference; fileEncoding = 4; lastKnownFileType = sourcecode.c.h; path = "CAShapeLayer+UIBezierPath.h"; sourceTree = "<group>"; };
		9A9BA46319A3992F0068E1EF /* CAShapeLayer+UIBezierPath.m */ = {isa = PBXFileReference; fileEncoding = 4; lastKnownFileType = sourcecode.c.objc; path = "CAShapeLayer+UIBezierPath.m"; sourceTree = "<group>"; };
		9AA0172619851133001A0666 /* ShapeKitExample.app */ = {isa = PBXFileReference; explicitFileType = wrapper.application; includeInIndex = 0; path = ShapeKitExample.app; sourceTree = BUILT_PRODUCTS_DIR; };
		9AA0172919851133001A0666 /* Foundation.framework */ = {isa = PBXFileReference; lastKnownFileType = wrapper.framework; name = Foundation.framework; path = System/Library/Frameworks/Foundation.framework; sourceTree = SDKROOT; };
		9AA0172B19851133001A0666 /* CoreGraphics.framework */ = {isa = PBXFileReference; lastKnownFileType = wrapper.framework; name = CoreGraphics.framework; path = System/Library/Frameworks/CoreGraphics.framework; sourceTree = SDKROOT; };
		9AA0172D19851133001A0666 /* UIKit.framework */ = {isa = PBXFileReference; lastKnownFileType = wrapper.framework; name = UIKit.framework; path = System/Library/Frameworks/UIKit.framework; sourceTree = SDKROOT; };
		9AA0173119851133001A0666 /* ShapeKitExample-Info.plist */ = {isa = PBXFileReference; lastKnownFileType = text.plist.xml; path = "ShapeKitExample-Info.plist"; sourceTree = "<group>"; };
		9AA0173319851133001A0666 /* en */ = {isa = PBXFileReference; lastKnownFileType = text.plist.strings; name = en; path = en.lproj/InfoPlist.strings; sourceTree = "<group>"; };
		9AA0173519851133001A0666 /* main.m */ = {isa = PBXFileReference; lastKnownFileType = sourcecode.c.objc; path = main.m; sourceTree = "<group>"; };
		9AA0173719851133001A0666 /* ShapeKitExample-Prefix.pch */ = {isa = PBXFileReference; lastKnownFileType = sourcecode.c.h; path = "ShapeKitExample-Prefix.pch"; sourceTree = "<group>"; };
		9AA0173819851133001A0666 /* AppDelegate.h */ = {isa = PBXFileReference; lastKnownFileType = sourcecode.c.h; path = AppDelegate.h; sourceTree = "<group>"; };
		9AA0173919851133001A0666 /* AppDelegate.m */ = {isa = PBXFileReference; lastKnownFileType = sourcecode.c.objc; path = AppDelegate.m; sourceTree = "<group>"; };
		9AA0173B19851133001A0666 /* Images.xcassets */ = {isa = PBXFileReference; lastKnownFileType = folder.assetcatalog; path = Images.xcassets; sourceTree = "<group>"; };
		9AA0174119851133001A0666 /* ShapeKitExampleTests.xctest */ = {isa = PBXFileReference; explicitFileType = wrapper.cfbundle; includeInIndex = 0; path = ShapeKitExampleTests.xctest; sourceTree = BUILT_PRODUCTS_DIR; };
		9AA0174219851133001A0666 /* XCTest.framework */ = {isa = PBXFileReference; lastKnownFileType = wrapper.framework; name = XCTest.framework; path = Library/Frameworks/XCTest.framework; sourceTree = DEVELOPER_DIR; };
		9AA0174A19851133001A0666 /* ShapeKitExampleTests-Info.plist */ = {isa = PBXFileReference; lastKnownFileType = text.plist.xml; path = "ShapeKitExampleTests-Info.plist"; sourceTree = "<group>"; };
		9AA0174C19851133001A0666 /* en */ = {isa = PBXFileReference; lastKnownFileType = text.plist.strings; name = en; path = en.lproj/InfoPlist.strings; sourceTree = "<group>"; };
		9AA01759198511BD001A0666 /* DimmedView.h */ = {isa = PBXFileReference; fileEncoding = 4; lastKnownFileType = sourcecode.c.h; path = DimmedView.h; sourceTree = "<group>"; };
		9AA0175A198511BD001A0666 /* DimmedView.m */ = {isa = PBXFileReference; fileEncoding = 4; lastKnownFileType = sourcecode.c.objc; path = DimmedView.m; sourceTree = "<group>"; };
		9AA0175B198511BD001A0666 /* ProgressView.h */ = {isa = PBXFileReference; fileEncoding = 4; lastKnownFileType = sourcecode.c.h; path = ProgressView.h; sourceTree = "<group>"; };
		9AA0175C198511BD001A0666 /* ProgressView.m */ = {isa = PBXFileReference; fileEncoding = 4; lastKnownFileType = sourcecode.c.objc; path = ProgressView.m; sourceTree = "<group>"; };
		9AA0175D198511BD001A0666 /* ShapeView.h */ = {isa = PBXFileReference; fileEncoding = 4; lastKnownFileType = sourcecode.c.h; path = ShapeView.h; sourceTree = "<group>"; };
		9AA0175E198511BD001A0666 /* ShapeView.m */ = {isa = PBXFileReference; fileEncoding = 4; lastKnownFileType = sourcecode.c.objc; path = ShapeView.m; sourceTree = "<group>"; };
		9AA0296019B1E91D0097AAE2 /* ShapedButton.h */ = {isa = PBXFileReference; fileEncoding = 4; lastKnownFileType = sourcecode.c.h; path = ShapedButton.h; sourceTree = "<group>"; };
		9AA0296119B1E91D0097AAE2 /* ShapedButton.m */ = {isa = PBXFileReference; fileEncoding = 4; lastKnownFileType = sourcecode.c.objc; path = ShapedButton.m; sourceTree = "<group>"; };
		9AA0296319B1F9FC0097AAE2 /* DimmableShapedButton.h */ = {isa = PBXFileReference; fileEncoding = 4; lastKnownFileType = sourcecode.c.h; name = DimmableShapedButton.h; path = Controls/DimmableShapedButton.h; sourceTree = "<group>"; };
		9AA0296419B1F9FC0097AAE2 /* DimmableShapedButton.m */ = {isa = PBXFileReference; fileEncoding = 4; lastKnownFileType = sourcecode.c.objc; name = DimmableShapedButton.m; path = Controls/DimmableShapedButton.m; sourceTree = "<group>"; };
		9AA0296619B200B40097AAE2 /* VoiceMemosRecordButtonViewController.h */ = {isa = PBXFileReference; fileEncoding = 4; lastKnownFileType = sourcecode.c.h; name = VoiceMemosRecordButtonViewController.h; path = Controllers/VoiceMemosRecordButtonViewController.h; sourceTree = "<group>"; };
		9AA0296719B200B40097AAE2 /* VoiceMemosRecordButtonViewController.m */ = {isa = PBXFileReference; fileEncoding = 4; lastKnownFileType = sourcecode.c.objc; name = VoiceMemosRecordButtonViewController.m; path = Controllers/VoiceMemosRecordButtonViewController.m; sourceTree = "<group>"; };
		9AC46280199CD547006C54E0 /* ImplicitAnimationsViewController.h */ = {isa = PBXFileReference; fileEncoding = 4; lastKnownFileType = sourcecode.c.h; name = ImplicitAnimationsViewController.h; path = Controllers/ImplicitAnimationsViewController.h; sourceTree = "<group>"; };
		9AC46281199CD547006C54E0 /* ImplicitAnimationsViewController.m */ = {isa = PBXFileReference; fileEncoding = 4; lastKnownFileType = sourcecode.c.objc; name = ImplicitAnimationsViewController.m; path = Controllers/ImplicitAnimationsViewController.m; sourceTree = "<group>"; };
		9AD1E75719ABA84800576928 /* DownloadButtonViewController.h */ = {isa = PBXFileReference; fileEncoding = 4; lastKnownFileType = sourcecode.c.h; name = DownloadButtonViewController.h; path = Controllers/DownloadButtonViewController.h; sourceTree = "<group>"; };
		9AD1E75819ABA84800576928 /* DownloadButtonViewController.m */ = {isa = PBXFileReference; fileEncoding = 4; lastKnownFileType = sourcecode.c.objc; name = DownloadButtonViewController.m; path = Controllers/DownloadButtonViewController.m; sourceTree = "<group>"; };
		9AD1E75F19ABAD8000576928 /* HighlightableShapedButton.h */ = {isa = PBXFileReference; fileEncoding = 4; lastKnownFileType = sourcecode.c.h; name = HighlightableShapedButton.h; path = Controls/HighlightableShapedButton.h; sourceTree = "<group>"; };
		9AD1E76019ABAD8000576928 /* HighlightableShapedButton.m */ = {isa = PBXFileReference; fileEncoding = 4; lastKnownFileType = sourcecode.c.objc; name = HighlightableShapedButton.m; path = Controls/HighlightableShapedButton.m; sourceTree = "<group>"; };
/* End PBXFileReference section */

/* Begin PBXFrameworksBuildPhase section */
		9AA0172319851133001A0666 /* Frameworks */ = {
			isa = PBXFrameworksBuildPhase;
			buildActionMask = 2147483647;
			files = (
				9AA0172C19851133001A0666 /* CoreGraphics.framework in Frameworks */,
				9AA0172E19851133001A0666 /* UIKit.framework in Frameworks */,
				9AA0172A19851133001A0666 /* Foundation.framework in Frameworks */,
			);
			runOnlyForDeploymentPostprocessing = 0;
		};
		9AA0173E19851133001A0666 /* Frameworks */ = {
			isa = PBXFrameworksBuildPhase;
			buildActionMask = 2147483647;
			files = (
				9AA0174319851133001A0666 /* XCTest.framework in Frameworks */,
				9AA0174519851133001A0666 /* UIKit.framework in Frameworks */,
				9AA0174419851133001A0666 /* Foundation.framework in Frameworks */,
			);
			runOnlyForDeploymentPostprocessing = 0;
		};
/* End PBXFrameworksBuildPhase section */

/* Begin PBXGroup section */
		9A20D58C198E0C24005D0F7D /* Specs */ = {
			isa = PBXGroup;
			children = (
				9A20D58D198E0C47005D0F7D /* ShapedViewPathTestCase.m */,
			);
			name = Specs;
			sourceTree = "<group>";
		};
		9A5DF42B198562CD0034FF62 /* Progress */ = {
			isa = PBXGroup;
			children = (
				9A5DF428198562C80034FF62 /* ProgressViewController.h */,
				9A5DF429198562C80034FF62 /* ProgressViewController.m */,
			);
			name = Progress;
			sourceTree = "<group>";
		};
		9A79790A19974C7D00E43B41 /* Dimming */ = {
			isa = PBXGroup;
			children = (
				9A79790B19974D1700E43B41 /* DimmingViewController.h */,
				9A79790C19974D1700E43B41 /* DimmingViewController.m */,
			);
			name = Dimming;
			sourceTree = "<group>";
		};
		9A9BA46119A3990D0068E1EF /* Categories */ = {
			isa = PBXGroup;
			children = (
				9A9BA46219A3992F0068E1EF /* CAShapeLayer+UIBezierPath.h */,
				9A9BA46319A3992F0068E1EF /* CAShapeLayer+UIBezierPath.m */,
			);
			name = Categories;
			sourceTree = "<group>";
		};
		9AA0171D19851133001A0666 = {
			isa = PBXGroup;
			children = (
				9AA01758198511BD001A0666 /* ShapeKit */,
				9AA0172F19851133001A0666 /* ShapeKitExample */,
				9AA0174819851133001A0666 /* ShapeKitExampleTests */,
				9AA0172819851133001A0666 /* Frameworks */,
				9AA0172719851133001A0666 /* Products */,
			);
			sourceTree = "<group>";
		};
		9AA0172719851133001A0666 /* Products */ = {
			isa = PBXGroup;
			children = (
				9AA0172619851133001A0666 /* ShapeKitExample.app */,
				9AA0174119851133001A0666 /* ShapeKitExampleTests.xctest */,
			);
			name = Products;
			sourceTree = "<group>";
		};
		9AA0172819851133001A0666 /* Frameworks */ = {
			isa = PBXGroup;
			children = (
				9AA0172919851133001A0666 /* Foundation.framework */,
				9AA0172B19851133001A0666 /* CoreGraphics.framework */,
				9AA0172D19851133001A0666 /* UIKit.framework */,
				9AA0174219851133001A0666 /* XCTest.framework */,
			);
			name = Frameworks;
			sourceTree = "<group>";
		};
		9AA0172F19851133001A0666 /* ShapeKitExample */ = {
			isa = PBXGroup;
			children = (
				9AA0173819851133001A0666 /* AppDelegate.h */,
				9AA0173919851133001A0666 /* AppDelegate.m */,
				9A5DF42619854B200034FF62 /* ShapeKitExample.storyboard */,
				9A79790A19974C7D00E43B41 /* Dimming */,
				9A5DF42B198562CD0034FF62 /* Progress */,
				9AC4627F199CD526006C54E0 /* Implicit animations */,
				9AD1E75619ABA82900576928 /* Animated buttons */,
				9AA0173B19851133001A0666 /* Images.xcassets */,
				9AA0173019851133001A0666 /* Supporting Files */,
			);
			path = ShapeKitExample;
			sourceTree = "<group>";
		};
		9AA0173019851133001A0666 /* Supporting Files */ = {
			isa = PBXGroup;
			children = (
				9AA0173119851133001A0666 /* ShapeKitExample-Info.plist */,
				9AA0173219851133001A0666 /* InfoPlist.strings */,
				9AA0173519851133001A0666 /* main.m */,
				9AA0173719851133001A0666 /* ShapeKitExample-Prefix.pch */,
			);
			name = "Supporting Files";
			sourceTree = "<group>";
		};
		9AA0174819851133001A0666 /* ShapeKitExampleTests */ = {
			isa = PBXGroup;
			children = (
				9A20D58C198E0C24005D0F7D /* Specs */,
				9AA0174919851133001A0666 /* Supporting Files */,
			);
			path = ShapeKitExampleTests;
			sourceTree = "<group>";
		};
		9AA0174919851133001A0666 /* Supporting Files */ = {
			isa = PBXGroup;
			children = (
				9AA0174A19851133001A0666 /* ShapeKitExampleTests-Info.plist */,
				9AA0174B19851133001A0666 /* InfoPlist.strings */,
			);
			name = "Supporting Files";
			sourceTree = "<group>";
		};
		9AA01758198511BD001A0666 /* ShapeKit */ = {
			isa = PBXGroup;
			children = (
				9AA0295F19B1E9010097AAE2 /* Controls */,
				9A9BA46119A3990D0068E1EF /* Categories */,
				9AA01759198511BD001A0666 /* DimmedView.h */,
				9AA0175A198511BD001A0666 /* DimmedView.m */,
				9AA0175B198511BD001A0666 /* ProgressView.h */,
				9AA0175C198511BD001A0666 /* ProgressView.m */,
				9AA0175D198511BD001A0666 /* ShapeView.h */,
				9AA0175E198511BD001A0666 /* ShapeView.m */,
			);
			name = ShapeKit;
			path = ../ShapeKit;
			sourceTree = "<group>";
		};
		9AA0295F19B1E9010097AAE2 /* Controls */ = {
			isa = PBXGroup;
			children = (
				9AA0296019B1E91D0097AAE2 /* ShapedButton.h */,
				9AA0296119B1E91D0097AAE2 /* ShapedButton.m */,
			);
			name = Controls;
			sourceTree = "<group>";
		};
		9AC4627F199CD526006C54E0 /* Implicit animations */ = {
			isa = PBXGroup;
			children = (
				9AC46280199CD547006C54E0 /* ImplicitAnimationsViewController.h */,
				9AC46281199CD547006C54E0 /* ImplicitAnimationsViewController.m */,
			);
			name = "Implicit animations";
			sourceTree = "<group>";
		};
		9AD1E75619ABA82900576928 /* Animated buttons */ = {
			isa = PBXGroup;
			children = (
				9AD1E75E19ABAD3B00576928 /* Buttons */,
				9AD1E75719ABA84800576928 /* DownloadButtonViewController.h */,
				9AD1E75819ABA84800576928 /* DownloadButtonViewController.m */,
				9AA0296619B200B40097AAE2 /* VoiceMemosRecordButtonViewController.h */,
				9AA0296719B200B40097AAE2 /* VoiceMemosRecordButtonViewController.m */,
			);
			name = "Animated buttons";
			sourceTree = "<group>";
		};
		9AD1E75E19ABAD3B00576928 /* Buttons */ = {
			isa = PBXGroup;
			children = (
				9AD1E75F19ABAD8000576928 /* HighlightableShapedButton.h */,
				9AD1E76019ABAD8000576928 /* HighlightableShapedButton.m */,
				9AA0296319B1F9FC0097AAE2 /* DimmableShapedButton.h */,
				9AA0296419B1F9FC0097AAE2 /* DimmableShapedButton.m */,
			);
			name = Buttons;
			sourceTree = "<group>";
		};
/* End PBXGroup section */

/* Begin PBXNativeTarget section */
		9AA0172519851133001A0666 /* ShapeKitExample */ = {
			isa = PBXNativeTarget;
			buildConfigurationList = 9AA0175219851133001A0666 /* Build configuration list for PBXNativeTarget "ShapeKitExample" */;
			buildPhases = (
				9AA0172219851133001A0666 /* Sources */,
				9AA0172319851133001A0666 /* Frameworks */,
				9AA0172419851133001A0666 /* Resources */,
				0803834AD9B94E88867EC364 /* Find unused imports */,
			);
			buildRules = (
			);
			dependencies = (
			);
			name = ShapeKitExample;
			productName = ShapeKitExample;
			productReference = 9AA0172619851133001A0666 /* ShapeKitExample.app */;
			productType = "com.apple.product-type.application";
		};
		9AA0174019851133001A0666 /* ShapeKitExampleTests */ = {
			isa = PBXNativeTarget;
			buildConfigurationList = 9AA0175519851133001A0666 /* Build configuration list for PBXNativeTarget "ShapeKitExampleTests" */;
			buildPhases = (
				9AA0173D19851133001A0666 /* Sources */,
				9AA0173E19851133001A0666 /* Frameworks */,
				9AA0173F19851133001A0666 /* Resources */,
			);
			buildRules = (
			);
			dependencies = (
				9AA0174719851133001A0666 /* PBXTargetDependency */,
			);
			name = ShapeKitExampleTests;
			productName = ShapeKitExampleTests;
			productReference = 9AA0174119851133001A0666 /* ShapeKitExampleTests.xctest */;
			productType = "com.apple.product-type.bundle.unit-test";
		};
/* End PBXNativeTarget section */

/* Begin PBXProject section */
		9AA0171E19851133001A0666 /* Project object */ = {
			isa = PBXProject;
			attributes = {
				LastUpgradeCheck = 0510;
				ORGANIZATIONNAME = "Denys Telezhkin";
				TargetAttributes = {
					9AA0174019851133001A0666 = {
						TestTargetID = 9AA0172519851133001A0666;
					};
				};
			};
			buildConfigurationList = 9AA0172119851133001A0666 /* Build configuration list for PBXProject "ShapeKitExample" */;
			compatibilityVersion = "Xcode 3.2";
			developmentRegion = English;
			hasScannedForEncodings = 0;
			knownRegions = (
				en,
			);
			mainGroup = 9AA0171D19851133001A0666;
			productRefGroup = 9AA0172719851133001A0666 /* Products */;
			projectDirPath = "";
			projectRoot = "";
			targets = (
				9AA0172519851133001A0666 /* ShapeKitExample */,
				9AA0174019851133001A0666 /* ShapeKitExampleTests */,
			);
		};
/* End PBXProject section */

/* Begin PBXResourcesBuildPhase section */
		9AA0172419851133001A0666 /* Resources */ = {
			isa = PBXResourcesBuildPhase;
			buildActionMask = 2147483647;
			files = (
				9A5DF42719854B200034FF62 /* ShapeKitExample.storyboard in Resources */,
				9AA0173419851133001A0666 /* InfoPlist.strings in Resources */,
				9AA0173C19851133001A0666 /* Images.xcassets in Resources */,
			);
			runOnlyForDeploymentPostprocessing = 0;
		};
		9AA0173F19851133001A0666 /* Resources */ = {
			isa = PBXResourcesBuildPhase;
			buildActionMask = 2147483647;
			files = (
				9AA0174D19851133001A0666 /* InfoPlist.strings in Resources */,
			);
			runOnlyForDeploymentPostprocessing = 0;
		};
/* End PBXResourcesBuildPhase section */

/* Begin PBXShellScriptBuildPhase section */
		0803834AD9B94E88867EC364 /* Find unused imports */ = {
			isa = PBXShellScriptBuildPhase;
			buildActionMask = 2147483647;
			files = (
			);
			inputPaths = (
			);
			name = "Find unused imports";
			outputPaths = (
			);
			runOnlyForDeploymentPostprocessing = 0;
			shellPath = /bin/sh;
			shellScript = "/bin/sh \"/Users/Denys/Library/Application Support/Developer/Shared/Xcode/Plug-ins/xcfui.xcplugin/Contents/Resources/fui_script.sh\" \"/Users/Denys/Developer/Projects/ShapeKit/ShapeKitExample\"";
		};
/* End PBXShellScriptBuildPhase section */

/* Begin PBXSourcesBuildPhase section */
		9AA0172219851133001A0666 /* Sources */ = {
			isa = PBXSourcesBuildPhase;
			buildActionMask = 2147483647;
			files = (
				9AA0175F198511BD001A0666 /* DimmedView.m in Sources */,
				9A5DF42A198562C80034FF62 /* ProgressViewController.m in Sources */,
				9AA01760198511BD001A0666 /* ProgressView.m in Sources */,
				9AA0296519B1F9FC0097AAE2 /* DimmableShapedButton.m in Sources */,
				9AD1E75919ABA84800576928 /* DownloadButtonViewController.m in Sources */,
				9AC46282199CD547006C54E0 /* ImplicitAnimationsViewController.m in Sources */,
				9AA0173A19851133001A0666 /* AppDelegate.m in Sources */,
				9AA01761198511BD001A0666 /* ShapeView.m in Sources */,
				9AD1E76119ABAD8000576928 /* HighlightableShapedButton.m in Sources */,
				9AA0296219B1E91D0097AAE2 /* ShapedButton.m in Sources */,
				9AA0296819B200B40097AAE2 /* VoiceMemosRecordButtonViewController.m in Sources */,
				9A79790D19974D1700E43B41 /* DimmingViewController.m in Sources */,
				9AA0173619851133001A0666 /* main.m in Sources */,
				9A9BA46419A3992F0068E1EF /* CAShapeLayer+UIBezierPath.m in Sources */,
			);
			runOnlyForDeploymentPostprocessing = 0;
		};
		9AA0173D19851133001A0666 /* Sources */ = {
			isa = PBXSourcesBuildPhase;
			buildActionMask = 2147483647;
			files = (
				9A20D58E198E0C47005D0F7D /* ShapedViewPathTestCase.m in Sources */,
			);
			runOnlyForDeploymentPostprocessing = 0;
		};
/* End PBXSourcesBuildPhase section */

/* Begin PBXTargetDependency section */
		9AA0174719851133001A0666 /* PBXTargetDependency */ = {
			isa = PBXTargetDependency;
			target = 9AA0172519851133001A0666 /* ShapeKitExample */;
			targetProxy = 9AA0174619851133001A0666 /* PBXContainerItemProxy */;
		};
/* End PBXTargetDependency section */

/* Begin PBXVariantGroup section */
		9AA0173219851133001A0666 /* InfoPlist.strings */ = {
			isa = PBXVariantGroup;
			children = (
				9AA0173319851133001A0666 /* en */,
			);
			name = InfoPlist.strings;
			sourceTree = "<group>";
		};
		9AA0174B19851133001A0666 /* InfoPlist.strings */ = {
			isa = PBXVariantGroup;
			children = (
				9AA0174C19851133001A0666 /* en */,
			);
			name = InfoPlist.strings;
			sourceTree = "<group>";
		};
/* End PBXVariantGroup section */

/* Begin XCBuildConfiguration section */
		9AA0175019851133001A0666 /* Debug */ = {
			isa = XCBuildConfiguration;
			buildSettings = {
				ALWAYS_SEARCH_USER_PATHS = NO;
				CLANG_CXX_LANGUAGE_STANDARD = "gnu++0x";
				CLANG_CXX_LIBRARY = "libc++";
				CLANG_ENABLE_MODULES = YES;
				CLANG_ENABLE_OBJC_ARC = YES;
				CLANG_WARN_BOOL_CONVERSION = YES;
				CLANG_WARN_CONSTANT_CONVERSION = YES;
				CLANG_WARN_DIRECT_OBJC_ISA_USAGE = YES_ERROR;
				CLANG_WARN_EMPTY_BODY = YES;
				CLANG_WARN_ENUM_CONVERSION = YES;
				CLANG_WARN_INT_CONVERSION = YES;
				CLANG_WARN_OBJC_ROOT_CLASS = YES_ERROR;
				CLANG_WARN__DUPLICATE_METHOD_MATCH = YES;
				"CODE_SIGN_IDENTITY[sdk=iphoneos*]" = "iPhone Developer";
				COPY_PHASE_STRIP = NO;
				GCC_C_LANGUAGE_STANDARD = gnu99;
				GCC_DYNAMIC_NO_PIC = NO;
				GCC_OPTIMIZATION_LEVEL = 0;
				GCC_PREPROCESSOR_DEFINITIONS = (
					"DEBUG=1",
					"$(inherited)",
				);
				GCC_SYMBOLS_PRIVATE_EXTERN = NO;
				GCC_WARN_64_TO_32_BIT_CONVERSION = YES;
				GCC_WARN_ABOUT_RETURN_TYPE = YES_ERROR;
				GCC_WARN_UNDECLARED_SELECTOR = YES;
				GCC_WARN_UNINITIALIZED_AUTOS = YES_AGGRESSIVE;
				GCC_WARN_UNUSED_FUNCTION = YES;
				GCC_WARN_UNUSED_VARIABLE = YES;
				IPHONEOS_DEPLOYMENT_TARGET = 7.1;
				ONLY_ACTIVE_ARCH = YES;
				SDKROOT = iphoneos;
				TARGETED_DEVICE_FAMILY = "1,2";
			};
			name = Debug;
		};
		9AA0175119851133001A0666 /* Release */ = {
			isa = XCBuildConfiguration;
			buildSettings = {
				ALWAYS_SEARCH_USER_PATHS = NO;
				CLANG_CXX_LANGUAGE_STANDARD = "gnu++0x";
				CLANG_CXX_LIBRARY = "libc++";
				CLANG_ENABLE_MODULES = YES;
				CLANG_ENABLE_OBJC_ARC = YES;
				CLANG_WARN_BOOL_CONVERSION = YES;
				CLANG_WARN_CONSTANT_CONVERSION = YES;
				CLANG_WARN_DIRECT_OBJC_ISA_USAGE = YES_ERROR;
				CLANG_WARN_EMPTY_BODY = YES;
				CLANG_WARN_ENUM_CONVERSION = YES;
				CLANG_WARN_INT_CONVERSION = YES;
				CLANG_WARN_OBJC_ROOT_CLASS = YES_ERROR;
				CLANG_WARN__DUPLICATE_METHOD_MATCH = YES;
				"CODE_SIGN_IDENTITY[sdk=iphoneos*]" = "iPhone Developer";
				COPY_PHASE_STRIP = YES;
				ENABLE_NS_ASSERTIONS = NO;
				GCC_C_LANGUAGE_STANDARD = gnu99;
				GCC_WARN_64_TO_32_BIT_CONVERSION = YES;
				GCC_WARN_ABOUT_RETURN_TYPE = YES_ERROR;
				GCC_WARN_UNDECLARED_SELECTOR = YES;
				GCC_WARN_UNINITIALIZED_AUTOS = YES_AGGRESSIVE;
				GCC_WARN_UNUSED_FUNCTION = YES;
				GCC_WARN_UNUSED_VARIABLE = YES;
				IPHONEOS_DEPLOYMENT_TARGET = 7.1;
				SDKROOT = iphoneos;
				TARGETED_DEVICE_FAMILY = "1,2";
				VALIDATE_PRODUCT = YES;
			};
			name = Release;
		};
		9AA0175319851133001A0666 /* Debug */ = {
			isa = XCBuildConfiguration;
			buildSettings = {
				ASSETCATALOG_COMPILER_APPICON_NAME = AppIcon;
				ASSETCATALOG_COMPILER_LAUNCHIMAGE_NAME = LaunchImage;
				GCC_PRECOMPILE_PREFIX_HEADER = YES;
				GCC_PREFIX_HEADER = "ShapeKitExample/ShapeKitExample-Prefix.pch";
				INFOPLIST_FILE = "ShapeKitExample/ShapeKitExample-Info.plist";
				IPHONEOS_DEPLOYMENT_TARGET = 6.1;
				PRODUCT_NAME = "$(TARGET_NAME)";
				WRAPPER_EXTENSION = app;
			};
			name = Debug;
		};
		9AA0175419851133001A0666 /* Release */ = {
			isa = XCBuildConfiguration;
			buildSettings = {
				ASSETCATALOG_COMPILER_APPICON_NAME = AppIcon;
				ASSETCATALOG_COMPILER_LAUNCHIMAGE_NAME = LaunchImage;
				GCC_PRECOMPILE_PREFIX_HEADER = YES;
				GCC_PREFIX_HEADER = "ShapeKitExample/ShapeKitExample-Prefix.pch";
				INFOPLIST_FILE = "ShapeKitExample/ShapeKitExample-Info.plist";
				IPHONEOS_DEPLOYMENT_TARGET = 6.1;
				PRODUCT_NAME = "$(TARGET_NAME)";
				WRAPPER_EXTENSION = app;
			};
			name = Release;
		};
		9AA0175619851133001A0666 /* Debug */ = {
			isa = XCBuildConfiguration;
			buildSettings = {
				BUNDLE_LOADER = "$(BUILT_PRODUCTS_DIR)/ShapeKitExample.app/ShapeKitExample";
				FRAMEWORK_SEARCH_PATHS = (
					"$(SDKROOT)/Developer/Library/Frameworks",
					"$(inherited)",
					"$(DEVELOPER_FRAMEWORKS_DIR)",
				);
				GCC_PRECOMPILE_PREFIX_HEADER = YES;
				GCC_PREFIX_HEADER = "ShapeKitExample/ShapeKitExample-Prefix.pch";
				GCC_PREPROCESSOR_DEFINITIONS = (
					"DEBUG=1",
					"$(inherited)",
				);
				INFOPLIST_FILE = "ShapeKitExampleTests/ShapeKitExampleTests-Info.plist";
				PRODUCT_NAME = "$(TARGET_NAME)";
				TEST_HOST = "$(BUNDLE_LOADER)";
				WRAPPER_EXTENSION = xctest;
			};
			name = Debug;
		};
		9AA0175719851133001A0666 /* Release */ = {
			isa = XCBuildConfiguration;
			buildSettings = {
				BUNDLE_LOADER = "$(BUILT_PRODUCTS_DIR)/ShapeKitExample.app/ShapeKitExample";
				FRAMEWORK_SEARCH_PATHS = (
					"$(SDKROOT)/Developer/Library/Frameworks",
					"$(inherited)",
					"$(DEVELOPER_FRAMEWORKS_DIR)",
				);
				GCC_PRECOMPILE_PREFIX_HEADER = YES;
				GCC_PREFIX_HEADER = "ShapeKitExample/ShapeKitExample-Prefix.pch";
				INFOPLIST_FILE = "ShapeKitExampleTests/ShapeKitExampleTests-Info.plist";
				PRODUCT_NAME = "$(TARGET_NAME)";
				TEST_HOST = "$(BUNDLE_LOADER)";
				WRAPPER_EXTENSION = xctest;
			};
			name = Release;
		};
/* End XCBuildConfiguration section */

/* Begin XCConfigurationList section */
		9AA0172119851133001A0666 /* Build configuration list for PBXProject "ShapeKitExample" */ = {
			isa = XCConfigurationList;
			buildConfigurations = (
				9AA0175019851133001A0666 /* Debug */,
				9AA0175119851133001A0666 /* Release */,
			);
			defaultConfigurationIsVisible = 0;
			defaultConfigurationName = Release;
		};
		9AA0175219851133001A0666 /* Build configuration list for PBXNativeTarget "ShapeKitExample" */ = {
			isa = XCConfigurationList;
			buildConfigurations = (
				9AA0175319851133001A0666 /* Debug */,
				9AA0175419851133001A0666 /* Release */,
			);
			defaultConfigurationIsVisible = 0;
			defaultConfigurationName = Release;
		};
		9AA0175519851133001A0666 /* Build configuration list for PBXNativeTarget "ShapeKitExampleTests" */ = {
			isa = XCConfigurationList;
			buildConfigurations = (
				9AA0175619851133001A0666 /* Debug */,
				9AA0175719851133001A0666 /* Release */,
			);
			defaultConfigurationIsVisible = 0;
			defaultConfigurationName = Release;
		};
/* End XCConfigurationList section */
	};
	rootObject = 9AA0171E19851133001A0666 /* Project object */;
}
